{
  "name": "project_links_true",
  "version": "1.0.0",
  "lockfileVersion": 3,
  "requires": true,
  "packages": {
    "": {
      "name": "project_links_true",
      "version": "1.0.0",
      "license": "MIT",
      "dependencies": {
        "@types/semver": "^7.x",
        "child": "../child"
      }
    },
    "node_modules/@types/semver": {
      "version": "7.5.8",
      "resolved": "https://registry.npmjs.org/@types/semver/-/semver-7.5.8.tgz",
      "integrity": "sha512-I8EUhyrgfLrcTkzV3TSsGyl1tSuPrEDzr0yd5m90UgNxQkyDXULk3b6MlQqTCpZpNtWe1K0hzclnZkTcLBe2UQ==",
      "license": "MIT"
    },
    "node_modules/child": {
      "version": "1.0.0",
      "resolved": "file:../child",
      "license": "MIT",
      "dependencies": {
        "@types/semver": "^6.x"
      }
    }
  }
}
