{
  "name": "child",
  "version": "1.0.0",
  "lockfileVersion": 3,
  "requires": true,
  "packages": {
    "": {
      "name": "child",
      "version": "1.0.0",
      "license": "MIT",
      "dependencies": {
        "@types/semver": "^6.x"
      }
    },
    "node_modules/@types/semver": {
      "version": "6.2.7",
      "resolved": "https://registry.npmjs.org/@types/semver/-/semver-6.2.7.tgz",
      "integrity": "sha512-blctEWbzUFzQx799RZjzzIdBJOXmE37YYEyDtKkx5Dg+V7o/zyyAxLPiI98A2jdTtDgxZleMdfV+7p8WbRJ1OQ==",
      "license": "MIT"
    }
  }
}
